
Microsoft Visual Studio Solution File, Format Version 12.00
# Visual Studio 2013
VisualStudioVersion = 12.0.31101.0
MinimumVisualStudioVersion = 10.0.40219.1
Project("{FAE04EC0-301F-11D3-BF4B-00C04F79EFBC}") = "ShapeSpace", "ShapeSpace\ShapeSpace.csproj", "{A07E03A3-0795-42C7-87A3-2A5325542754}"
EndProject
Project("{FAE04EC0-301F-11D3-BF4B-00C04F79EFBC}") = "ShapeSpaceServer", "ShapeSpaceServer\ShapeSpaceServer.csproj", "{924F8CA2-F7C9-43EC-AC34-95BE308CA7EA}"
EndProject
Project("{FAE04EC0-301F-11D3-BF4B-00C04F79EFBC}") = "ShapeSpaceHelper", "ShapeSpaceHelper\ShapeSpaceHelper.csproj", "{D3ACB5D7-4B68-430D-9A5D-BF53BD7CE3EA}"
EndProject
Project("{FAE04EC0-301F-11D3-BF4B-00C04F79EFBC}") = "Lidgren.Network", "..\lidgren-network-gen3-master\Lidgren.Network\Lidgren.Network.csproj", "{49BA1C69-6104-41AC-A5D8-B54FA9F696E8}"
EndProject
Project("{FAE04EC0-301F-11D3-BF4B-00C04F79EFBC}") = "Farseer Physics MonoGame", "..\Farseer Physics Engine 3.5\Farseer Physics MonoGame.csproj", "{0AAD36E3-51A5-4A07-AB60-5C8A66BD38B7}"
EndProject
Global
	GlobalSection(SolutionConfigurationPlatforms) = preSolution
		Debug|Any CPU = Debug|Any CPU
		Debug|Mixed Platforms = Debug|Mixed Platforms
		Debug|x86 = Debug|x86
		Release|Any CPU = Release|Any CPU
		Release|Mixed Platforms = Release|Mixed Platforms
		Release|x86 = Release|x86
	EndGlobalSection
	GlobalSection(ProjectConfigurationPlatforms) = postSolution
		{A07E03A3-0795-42C7-87A3-2A5325542754}.Debug|Any CPU.ActiveCfg = Debug|x86
		{A07E03A3-0795-42C7-87A3-2A5325542754}.Debug|Mixed Platforms.ActiveCfg = Debug|x86
		{A07E03A3-0795-42C7-87A3-2A5325542754}.Debug|Mixed Platforms.Build.0 = Debug|x86
		{A07E03A3-0795-42C7-87A3-2A5325542754}.Debug|x86.ActiveCfg = Debug|x86
		{A07E03A3-0795-42C7-87A3-2A5325542754}.Debug|x86.Build.0 = Debug|x86
		{A07E03A3-0795-42C7-87A3-2A5325542754}.Release|Any CPU.ActiveCfg = Release|x86
		{A07E03A3-0795-42C7-87A3-2A5325542754}.Release|Mixed Platforms.ActiveCfg = Release|x86
		{A07E03A3-0795-42C7-87A3-2A5325542754}.Release|Mixed Platforms.Build.0 = Release|x86
		{A07E03A3-0795-42C7-87A3-2A5325542754}.Release|x86.ActiveCfg = Release|x86
		{A07E03A3-0795-42C7-87A3-2A5325542754}.Release|x86.Build.0 = Release|x86
		{924F8CA2-F7C9-43EC-AC34-95BE308CA7EA}.Debug|Any CPU.ActiveCfg = Debug|Any CPU
		{924F8CA2-F7C9-43EC-AC34-95BE308CA7EA}.Debug|Any CPU.Build.0 = Debug|Any CPU
		{924F8CA2-F7C9-43EC-AC34-95BE308CA7EA}.Debug|Mixed Platforms.ActiveCfg = Debug|Any CPU
		{924F8CA2-F7C9-43EC-AC34-95BE308CA7EA}.Debug|Mixed Platforms.Build.0 = Debug|Any CPU
		{924F8CA2-F7C9-43EC-AC34-95BE308CA7EA}.Debug|x86.ActiveCfg = Debug|Any CPU
		{924F8CA2-F7C9-43EC-AC34-95BE308CA7EA}.Release|Any CPU.ActiveCfg = Release|Any CPU
		{924F8CA2-F7C9-43EC-AC34-95BE308CA7EA}.Release|Any CPU.Build.0 = Release|Any CPU
		{924F8CA2-F7C9-43EC-AC34-95BE308CA7EA}.Release|Mixed Platforms.ActiveCfg = Release|Any CPU
		{924F8CA2-F7C9-43EC-AC34-95BE308CA7EA}.Release|Mixed Platforms.Build.0 = Release|Any CPU
		{924F8CA2-F7C9-43EC-AC34-95BE308CA7EA}.Release|x86.ActiveCfg = Release|Any CPU
		{D3ACB5D7-4B68-430D-9A5D-BF53BD7CE3EA}.Debug|Any CPU.ActiveCfg = Debug|Any CPU
		{D3ACB5D7-4B68-430D-9A5D-BF53BD7CE3EA}.Debug|Any CPU.Build.0 = Debug|Any CPU
		{D3ACB5D7-4B68-430D-9A5D-BF53BD7CE3EA}.Debug|Mixed Platforms.ActiveCfg = Debug|Any CPU
		{D3ACB5D7-4B68-430D-9A5D-BF53BD7CE3EA}.Debug|Mixed Platforms.Build.0 = Debug|Any CPU
		{D3ACB5D7-4B68-430D-9A5D-BF53BD7CE3EA}.Debug|x86.ActiveCfg = Debug|Any CPU
		{D3ACB5D7-4B68-430D-9A5D-BF53BD7CE3EA}.Release|Any CPU.ActiveCfg = Release|Any CPU
		{D3ACB5D7-4B68-430D-9A5D-BF53BD7CE3EA}.Release|Any CPU.Build.0 = Release|Any CPU
		{D3ACB5D7-4B68-430D-9A5D-BF53BD7CE3EA}.Release|Mixed Platforms.ActiveCfg = Release|Any CPU
		{D3ACB5D7-4B68-430D-9A5D-BF53BD7CE3EA}.Release|Mixed Platforms.Build.0 = Release|Any CPU
		{D3ACB5D7-4B68-430D-9A5D-BF53BD7CE3EA}.Release|x86.ActiveCfg = Release|Any CPU
		{49BA1C69-6104-41AC-A5D8-B54FA9F696E8}.Debug|Any CPU.ActiveCfg = Debug|Any CPU
		{49BA1C69-6104-41AC-A5D8-B54FA9F696E8}.Debug|Any CPU.Build.0 = Debug|Any CPU
		{49BA1C69-6104-41AC-A5D8-B54FA9F696E8}.Debug|Mixed Platforms.ActiveCfg = Debug|Any CPU
		{49BA1C69-6104-41AC-A5D8-B54FA9F696E8}.Debug|Mixed Platforms.Build.0 = Debug|Any CPU
		{49BA1C69-6104-41AC-A5D8-B54FA9F696E8}.Debug|x86.ActiveCfg = Debug|Any CPU
		{49BA1C69-6104-41AC-A5D8-B54FA9F696E8}.Release|Any CPU.ActiveCfg = Release|Any CPU
		{49BA1C69-6104-41AC-A5D8-B54FA9F696E8}.Release|Any CPU.Build.0 = Release|Any CPU
		{49BA1C69-6104-41AC-A5D8-B54FA9F696E8}.Release|Mixed Platforms.ActiveCfg = Release|Any CPU
		{49BA1C69-6104-41AC-A5D8-B54FA9F696E8}.Release|Mixed Platforms.Build.0 = Release|Any CPU
		{49BA1C69-6104-41AC-A5D8-B54FA9F696E8}.Release|x86.ActiveCfg = Release|Any CPU
		{0AAD36E3-51A5-4A07-AB60-5C8A66BD38B7}.Debug|Any CPU.ActiveCfg = Debug|x86
		{0AAD36E3-51A5-4A07-AB60-5C8A66BD38B7}.Debug|Mixed Platforms.ActiveCfg = Debug|x86
		{0AAD36E3-51A5-4A07-AB60-5C8A66BD38B7}.Debug|Mixed Platforms.Build.0 = Debug|x86
		{0AAD36E3-51A5-4A07-AB60-5C8A66BD38B7}.Debug|x86.ActiveCfg = Debug|x86
		{0AAD36E3-51A5-4A07-AB60-5C8A66BD38B7}.Debug|x86.Build.0 = Debug|x86
		{0AAD36E3-51A5-4A07-AB60-5C8A66BD38B7}.Release|Any CPU.ActiveCfg = Release|x86
		{0AAD36E3-51A5-4A07-AB60-5C8A66BD38B7}.Release|Mixed Platforms.ActiveCfg = Release|x86
		{0AAD36E3-51A5-4A07-AB60-5C8A66BD38B7}.Release|Mixed Platforms.Build.0 = Release|x86
		{0AAD36E3-51A5-4A07-AB60-5C8A66BD38B7}.Release|x86.ActiveCfg = Release|x86
		{0AAD36E3-51A5-4A07-AB60-5C8A66BD38B7}.Release|x86.Build.0 = Release|x86
	EndGlobalSection
	GlobalSection(SolutionProperties) = preSolution
		HideSolutionNode = FALSE
	EndGlobalSection
EndGlobal
